
Microsoft Visual Studio Solution File, Format Version 12.00
# Visual Studio 2013
VisualStudioVersion = 12.0.31101.0
MinimumVisualStudioVersion = 10.0.40219.1
Project("{FAE04EC0-301F-11D3-BF4B-00C04F79EFBC}") = "SingIt", "SingIt\SingIt.csproj", "{C1D7796B-B812-4133-AB53-DEF208AE9FE2}"
EndProject
Project("{FAE04EC0-301F-11D3-BF4B-00C04F79EFBC}") = "SingIt.Tests", "SingIt.Tests\SingIt.Tests.csproj", "{4728A041-22B6-40C5-8617-E0F2F8262700}"
EndProject
Global
	GlobalSection(SolutionConfigurationPlatforms) = preSolution
		Debug|Any CPU = Debug|Any CPU
		Release|Any CPU = Release|Any CPU
	EndGlobalSection
	GlobalSection(ProjectConfigurationPlatforms) = postSolution
		{C1D7796B-B812-4133-AB53-DEF208AE9FE2}.Debug|Any CPU.ActiveCfg = Debug|Any CPU
		{C1D7796B-B812-4133-AB53-DEF208AE9FE2}.Debug|Any CPU.Build.0 = Debug|Any CPU
		{C1D7796B-B812-4133-AB53-DEF208AE9FE2}.Release|Any CPU.ActiveCfg = Release|Any CPU
		{C1D7796B-B812-4133-AB53-DEF208AE9FE2}.Release|Any CPU.Build.0 = Release|Any CPU
		{4728A041-22B6-40C5-8617-E0F2F8262700}.Debug|Any CPU.ActiveCfg = Debug|Any CPU
		{4728A041-22B6-40C5-8617-E0F2F8262700}.Debug|Any CPU.Build.0 = Debug|Any CPU
		{4728A041-22B6-40C5-8617-E0F2F8262700}.Release|Any CPU.ActiveCfg = Release|Any CPU
		{4728A041-22B6-40C5-8617-E0F2F8262700}.Release|Any CPU.Build.0 = Release|Any CPU
	EndGlobalSection
	GlobalSection(SolutionProperties) = preSolution
		HideSolutionNode = FALSE
	EndGlobalSection
EndGlobal
